
Microsoft Visual Studio Solution File, Format Version 12.00
# Visual Studio 15
VisualStudioVersion = 15.0.27004.2008
MinimumVisualStudioVersion = 10.0.40219.1
Project("{11A8DD76-328B-46DF-9F39-F559912D0360}") = "Windows.Devices.Pwm", "Windows.Devices.Pwm.nfproj", "{C61B0C4B-7D39-40E7-9A0A-E19AB507CBD1}"
EndProject
Global
	GlobalSection(SolutionConfigurationPlatforms) = preSolution
		Debug|Any CPU = Debug|Any CPU
		Release|Any CPU = Release|Any CPU
	EndGlobalSection
	GlobalSection(ProjectConfigurationPlatforms) = postSolution
		{C61B0C4B-7D39-40E7-9A0A-E19AB507CBD1}.Debug|Any CPU.ActiveCfg = Debug|Any CPU
		{C61B0C4B-7D39-40E7-9A0A-E19AB507CBD1}.Debug|Any CPU.Build.0 = Debug|Any CPU
		{C61B0C4B-7D39-40E7-9A0A-E19AB507CBD1}.Debug|Any CPU.Deploy.0 = Debug|Any CPU
		{C61B0C4B-7D39-40E7-9A0A-E19AB507CBD1}.Release|Any CPU.ActiveCfg = Release|Any CPU
		{C61B0C4B-7D39-40E7-9A0A-E19AB507CBD1}.Release|Any CPU.Build.0 = Release|Any CPU
		{C61B0C4B-7D39-40E7-9A0A-E19AB507CBD1}.Release|Any CPU.Deploy.0 = Release|Any CPU
	EndGlobalSection
	GlobalSection(SolutionProperties) = preSolution
		HideSolutionNode = FALSE
	EndGlobalSection
	GlobalSection(ExtensibilityGlobals) = postSolution
		SolutionGuid = {463E4EB0-B1FB-4078-8774-241A35ED0E01}
	EndGlobalSection
EndGlobal
